// !$*UTF8*$!
{
	archiveVersion = 1;
	classes = {
	};
	objectVersion = 56;
	objects = {

/* Begin PBXBuildFile section */
		9A04513E2D0EA4D00047DA96 /* AppDelegate.swift in Sources */ = {isa = PBXBuildFile; fileRef = 9A04513D2D0EA4D00047DA96 /* AppDelegate.swift */; };
		9A0451402D0EA4D00047DA96 /* SceneDelegate.swift in Sources */ = {isa = PBXBuildFile; fileRef = 9A04513F2D0EA4D00047DA96 /* SceneDelegate.swift */; };
		9A0451422D0EA4D00047DA96 /* ViewController.swift in Sources */ = {isa = PBXBuildFile; fileRef = 9A0451412D0EA4D00047DA96 /* ViewController.swift */; };
		9A0451452D0EA4D00047DA96 /* Main.storyboard in Resources */ = {isa = PBXBuildFile; fileRef = 9A0451432D0EA4D00047DA96 /* Main.storyboard */; };
		9A0451482D0EA4D00047DA96 /* Local_Notification.xcdatamodeld in Sources */ = {isa = PBXBuildFile; fileRef = 9A0451462D0EA4D00047DA96 /* Local_Notification.xcdatamodeld */; };
		9A04514A2D0EA4D30047DA96 /* Assets.xcassets in Resources */ = {isa = PBXBuildFile; fileRef = 9A0451492D0EA4D30047DA96 /* Assets.xcassets */; };
		9A04514D2D0EA4D30047DA96 /* LaunchScreen.storyboard in Resources */ = {isa = PBXBuildFile; fileRef = 9A04514B2D0EA4D30047DA96 /* LaunchScreen.storyboard */; };
		9A0451582D0EA4D30047DA96 /* Local_NotificationTests.swift in Sources */ = {isa = PBXBuildFile; fileRef = 9A0451572D0EA4D30047DA96 /* Local_NotificationTests.swift */; };
		9A0451622D0EA4D30047DA96 /* Local_NotificationUITests.swift in Sources */ = {isa = PBXBuildFile; fileRef = 9A0451612D0EA4D30047DA96 /* Local_NotificationUITests.swift */; };
		9A0451642D0EA4D30047DA96 /* Local_NotificationUITestsLaunchTests.swift in Sources */ = {isa = PBXBuildFile; fileRef = 9A0451632D0EA4D30047DA96 /* Local_NotificationUITestsLaunchTests.swift */; };
/* End PBXBuildFile section */

/* Begin PBXContainerItemProxy section */
		9A0451542D0EA4D30047DA96 /* PBXContainerItemProxy */ = {
			isa = PBXContainerItemProxy;
			containerPortal = 9A0451322D0EA4D00047DA96 /* Project object */;
			proxyType = 1;
			remoteGlobalIDString = 9A0451392D0EA4D00047DA96;
			remoteInfo = Local_Notification;
		};
		9A04515E2D0EA4D30047DA96 /* PBXContainerItemProxy */ = {
			isa = PBXContainerItemProxy;
			containerPortal = 9A0451322D0EA4D00047DA96 /* Project object */;
			proxyType = 1;
			remoteGlobalIDString = 9A0451392D0EA4D00047DA96;
			remoteInfo = Local_Notification;
		};
/* End PBXContainerItemProxy section */

/* Begin PBXFileReference section */
		9A04513A2D0EA4D00047DA96 /* Local_Notification.app */ = {isa = PBXFileReference; explicitFileType = wrapper.application; includeInIndex = 0; path = Local_Notification.app; sourceTree = BUILT_PRODUCTS_DIR; };
		9A04513D2D0EA4D00047DA96 /* AppDelegate.swift */ = {isa = PBXFileReference; lastKnownFileType = sourcecode.swift; path = AppDelegate.swift; sourceTree = "<group>"; };
		9A04513F2D0EA4D00047DA96 /* SceneDelegate.swift */ = {isa = PBXFileReference; lastKnownFileType = sourcecode.swift; path = SceneDelegate.swift; sourceTree = "<group>"; };
		9A0451412D0EA4D00047DA96 /* ViewController.swift */ = {isa = PBXFileReference; lastKnownFileType = sourcecode.swift; path = ViewController.swift; sourceTree = "<group>"; };
		9A0451442D0EA4D00047DA96 /* Base */ = {isa = PBXFileReference; lastKnownFileType = file.storyboard; name = Base; path = Base.lproj/Main.storyboard; sourceTree = "<group>"; };
		9A0451472D0EA4D00047DA96 /* Local_Notification.xcdatamodel */ = {isa = PBXFileReference; lastKnownFileType = wrapper.xcdatamodel; path = Local_Notification.xcdatamodel; sourceTree = "<group>"; };
		9A0451492D0EA4D30047DA96 /* Assets.xcassets */ = {isa = PBXFileReference; lastKnownFileType = folder.assetcatalog; path = Assets.xcassets; sourceTree = "<group>"; };
		9A04514C2D0EA4D30047DA96 /* Base */ = {isa = PBXFileReference; lastKnownFileType = file.storyboard; name = Base; path = Base.lproj/LaunchScreen.storyboard; sourceTree = "<group>"; };
		9A04514E2D0EA4D30047DA96 /* Info.plist */ = {isa = PBXFileReference; lastKnownFileType = text.plist.xml; path = Info.plist; sourceTree = "<group>"; };
		9A0451532D0EA4D30047DA96 /* Local_NotificationTests.xctest */ = {isa = PBXFileReference; explicitFileType = wrapper.cfbundle; includeInIndex = 0; path = Local_NotificationTests.xctest; sourceTree = BUILT_PRODUCTS_DIR; };
		9A0451572D0EA4D30047DA96 /* Local_NotificationTests.swift */ = {isa = PBXFileReference; lastKnownFileType = sourcecode.swift; path = Local_NotificationTests.swift; sourceTree = "<group>"; };
		9A04515D2D0EA4D30047DA96 /* Local_NotificationUITests.xctest */ = {isa = PBXFileReference; explicitFileType = wrapper.cfbundle; includeInIndex = 0; path = Local_NotificationUITests.xctest; sourceTree = BUILT_PRODUCTS_DIR; };
		9A0451612D0EA4D30047DA96 /* Local_NotificationUITests.swift */ = {isa = PBXFileReference; lastKnownFileType = sourcecode.swift; path = Local_NotificationUITests.swift; sourceTree = "<group>"; };
		9A0451632D0EA4D30047DA96 /* Local_NotificationUITestsLaunchTests.swift */ = {isa = PBXFileReference; lastKnownFileType = sourcecode.swift; path = Local_NotificationUITestsLaunchTests.swift; sourceTree = "<group>"; };
/* End PBXFileReference section */

/* Begin PBXFrameworksBuildPhase section */
		9A0451372D0EA4D00047DA96 /* Frameworks */ = {
			isa = PBXFrameworksBuildPhase;
			buildActionMask = 2147483647;
			files = (
			);
			runOnlyForDeploymentPostprocessing = 0;
		};
		9A0451502D0EA4D30047DA96 /* Frameworks */ = {
			isa = PBXFrameworksBuildPhase;
			buildActionMask = 2147483647;
			files = (
			);
			runOnlyForDeploymentPostprocessing = 0;
		};
		9A04515A2D0EA4D30047DA96 /* Frameworks */ = {
			isa = PBXFrameworksBuildPhase;
			buildActionMask = 2147483647;
			files = (
			);
			runOnlyForDeploymentPostprocessing = 0;
		};
/* End PBXFrameworksBuildPhase section */

/* Begin PBXGroup section */
		9A0451312D0EA4D00047DA96 = {
			isa = PBXGroup;
			children = (
				9A04513C2D0EA4D00047DA96 /* Local_Notification */,
				9A0451562D0EA4D30047DA96 /* Local_NotificationTests */,
				9A0451602D0EA4D30047DA96 /* Local_NotificationUITests */,
				9A04513B2D0EA4D00047DA96 /* Products */,
			);
			sourceTree = "<group>";
		};
		9A04513B2D0EA4D00047DA96 /* Products */ = {
			isa = PBXGroup;
			children = (
				9A04513A2D0EA4D00047DA96 /* Local_Notification.app */,
				9A0451532D0EA4D30047DA96 /* Local_NotificationTests.xctest */,
				9A04515D2D0EA4D30047DA96 /* Local_NotificationUITests.xctest */,
			);
			name = Products;
			sourceTree = "<group>";
		};
		9A04513C2D0EA4D00047DA96 /* Local_Notification */ = {
			isa = PBXGroup;
			children = (
				9A04513D2D0EA4D00047DA96 /* AppDelegate.swift */,
				9A04513F2D0EA4D00047DA96 /* SceneDelegate.swift */,
				9A0451412D0EA4D00047DA96 /* ViewController.swift */,
				9A0451432D0EA4D00047DA96 /* Main.storyboard */,
				9A0451492D0EA4D30047DA96 /* Assets.xcassets */,
				9A04514B2D0EA4D30047DA96 /* LaunchScreen.storyboard */,
				9A04514E2D0EA4D30047DA96 /* Info.plist */,
				9A0451462D0EA4D00047DA96 /* Local_Notification.xcdatamodeld */,
			);
			path = Local_Notification;
			sourceTree = "<group>";
		};
		9A0451562D0EA4D30047DA96 /* Local_NotificationTests */ = {
			isa = PBXGroup;
			children = (
				9A0451572D0EA4D30047DA96 /* Local_NotificationTests.swift */,
			);
			path = Local_NotificationTests;
			sourceTree = "<group>";
		};
		9A0451602D0EA4D30047DA96 /* Local_NotificationUITests */ = {
			isa = PBXGroup;
			children = (
				9A0451612D0EA4D30047DA96 /* Local_NotificationUITests.swift */,
				9A0451632D0EA4D30047DA96 /* Local_NotificationUITestsLaunchTests.swift */,
			);
			path = Local_NotificationUITests;
			sourceTree = "<group>";
		};
/* End PBXGroup section */

/* Begin PBXNativeTarget section */
		9A0451392D0EA4D00047DA96 /* Local_Notification */ = {
			isa = PBXNativeTarget;
			buildConfigurationList = 9A0451672D0EA4D30047DA96 /* Build configuration list for PBXNativeTarget "Local_Notification" */;
			buildPhases = (
				9A0451362D0EA4D00047DA96 /* Sources */,
				9A0451372D0EA4D00047DA96 /* Frameworks */,
				9A0451382D0EA4D00047DA96 /* Resources */,
			);
			buildRules = (
			);
			dependencies = (
			);
			name = Local_Notification;
			productName = Local_Notification;
			productReference = 9A04513A2D0EA4D00047DA96 /* Local_Notification.app */;
			productType = "com.apple.product-type.application";
		};
		9A0451522D0EA4D30047DA96 /* Local_NotificationTests */ = {
			isa = PBXNativeTarget;
			buildConfigurationList = 9A04516A2D0EA4D30047DA96 /* Build configuration list for PBXNativeTarget "Local_NotificationTests" */;
			buildPhases = (
				9A04514F2D0EA4D30047DA96 /* Sources */,
				9A0451502D0EA4D30047DA96 /* Frameworks */,
				9A0451512D0EA4D30047DA96 /* Resources */,
			);
			buildRules = (
			);
			dependencies = (
				9A0451552D0EA4D30047DA96 /* PBXTargetDependency */,
			);
			name = Local_NotificationTests;
			productName = Local_NotificationTests;
			productReference = 9A0451532D0EA4D30047DA96 /* Local_NotificationTests.xctest */;
			productType = "com.apple.product-type.bundle.unit-test";
		};
		9A04515C2D0EA4D30047DA96 /* Local_NotificationUITests */ = {
			isa = PBXNativeTarget;
			buildConfigurationList = 9A04516D2D0EA4D30047DA96 /* Build configuration list for PBXNativeTarget "Local_NotificationUITests" */;
			buildPhases = (
				9A0451592D0EA4D30047DA96 /* Sources */,
				9A04515A2D0EA4D30047DA96 /* Frameworks */,
				9A04515B2D0EA4D30047DA96 /* Resources */,
			);
			buildRules = (
			);
			dependencies = (
				9A04515F2D0EA4D30047DA96 /* PBXTargetDependency */,
			);
			name = Local_NotificationUITests;
			productName = Local_NotificationUITests;
			productReference = 9A04515D2D0EA4D30047DA96 /* Local_NotificationUITests.xctest */;
			productType = "com.apple.product-type.bundle.ui-testing";
		};
/* End PBXNativeTarget section */

/* Begin PBXProject section */
		9A0451322D0EA4D00047DA96 /* Project object */ = {
			isa = PBXProject;
			attributes = {
				BuildIndependentTargetsInParallel = 1;
				LastSwiftUpdateCheck = 1420;
				LastUpgradeCheck = 1420;
				TargetAttributes = {
					9A0451392D0EA4D00047DA96 = {
						CreatedOnToolsVersion = 14.2;
					};
					9A0451522D0EA4D30047DA96 = {
						CreatedOnToolsVersion = 14.2;
						TestTargetID = 9A0451392D0EA4D00047DA96;
					};
					9A04515C2D0EA4D30047DA96 = {
						CreatedOnToolsVersion = 14.2;
						TestTargetID = 9A0451392D0EA4D00047DA96;
					};
				};
			};
			buildConfigurationList = 9A0451352D0EA4D00047DA96 /* Build configuration list for PBXProject "Local_Notification" */;
			compatibilityVersion = "Xcode 14.0";
			developmentRegion = en;
			hasScannedForEncodings = 0;
			knownRegions = (
				en,
				Base,
			);
			mainGroup = 9A0451312D0EA4D00047DA96;
			productRefGroup = 9A04513B2D0EA4D00047DA96 /* Products */;
			projectDirPath = "";
			projectRoot = "";
			targets = (
				9A0451392D0EA4D00047DA96 /* Local_Notification */,
				9A0451522D0EA4D30047DA96 /* Local_NotificationTests */,
				9A04515C2D0EA4D30047DA96 /* Local_NotificationUITests */,
			);
		};
/* End PBXProject section */

/* Begin PBXResourcesBuildPhase section */
		9A0451382D0EA4D00047DA96 /* Resources */ = {
			isa = PBXResourcesBuildPhase;
			buildActionMask = 2147483647;
			files = (
				9A04514D2D0EA4D30047DA96 /* LaunchScreen.storyboard in Resources */,
				9A04514A2D0EA4D30047DA96 /* Assets.xcassets in Resources */,
				9A0451452D0EA4D00047DA96 /* Main.storyboard in Resources */,
			);
			runOnlyForDeploymentPostprocessing = 0;
		};
		9A0451512D0EA4D30047DA96 /* Resources */ = {
			isa = PBXResourcesBuildPhase;
			buildActionMask = 2147483647;
			files = (
			);
			runOnlyForDeploymentPostprocessing = 0;
		};
		9A04515B2D0EA4D30047DA96 /* Resources */ = {
			isa = PBXResourcesBuildPhase;
			buildActionMask = 2147483647;
			files = (
			);
			runOnlyForDeploymentPostprocessing = 0;
		};
/* End PBXResourcesBuildPhase section */

/* Begin PBXSourcesBuildPhase section */
		9A0451362D0EA4D00047DA96 /* Sources */ = {
			isa = PBXSourcesBuildPhase;
			buildActionMask = 2147483647;
			files = (
				9A0451482D0EA4D00047DA96 /* Local_Notification.xcdatamodeld in Sources */,
				9A0451422D0EA4D00047DA96 /* ViewController.swift in Sources */,
				9A04513E2D0EA4D00047DA96 /* AppDelegate.swift in Sources */,
				9A0451402D0EA4D00047DA96 /* SceneDelegate.swift in Sources */,
			);
			runOnlyForDeploymentPostprocessing = 0;
		};
		9A04514F2D0EA4D30047DA96 /* Sources */ = {
			isa = PBXSourcesBuildPhase;
			buildActionMask = 2147483647;
			files = (
				9A0451582D0EA4D30047DA96 /* Local_NotificationTests.swift in Sources */,
			);
			runOnlyForDeploymentPostprocessing = 0;
		};
		9A0451592D0EA4D30047DA96 /* Sources */ = {
			isa = PBXSourcesBuildPhase;
			buildActionMask = 2147483647;
			files = (
				9A0451622D0EA4D30047DA96 /* Local_NotificationUITests.swift in Sources */,
				9A0451642D0EA4D30047DA96 /* Local_NotificationUITestsLaunchTests.swift in Sources */,
			);
			runOnlyForDeploymentPostprocessing = 0;
		};
/* End PBXSourcesBuildPhase section */

/* Begin PBXTargetDependency section */
		9A0451552D0EA4D30047DA96 /* PBXTargetDependency */ = {
			isa = PBXTargetDependency;
			target = 9A0451392D0EA4D00047DA96 /* Local_Notification */;
			targetProxy = 9A0451542D0EA4D30047DA96 /* PBXContainerItemProxy */;
		};
		9A04515F2D0EA4D30047DA96 /* PBXTargetDependency */ = {
			isa = PBXTargetDependency;
			target = 9A0451392D0EA4D00047DA96 /* Local_Notification */;
			targetProxy = 9A04515E2D0EA4D30047DA96 /* PBXContainerItemProxy */;
		};
/* End PBXTargetDependency section */

/* Begin PBXVariantGroup section */
		9A0451432D0EA4D00047DA96 /* Main.storyboard */ = {
			isa = PBXVariantGroup;
			children = (
				9A0451442D0EA4D00047DA96 /* Base */,
			);
			name = Main.storyboard;
			sourceTree = "<group>";
		};
		9A04514B2D0EA4D30047DA96 /* LaunchScreen.storyboard */ = {
			isa = PBXVariantGroup;
			children = (
				9A04514C2D0EA4D30047DA96 /* Base */,
			);
			name = LaunchScreen.storyboard;
			sourceTree = "<group>";
		};
/* End PBXVariantGroup section */

/* Begin XCBuildConfiguration section */
		9A0451652D0EA4D30047DA96 /* Debug */ = {
			isa = XCBuildConfiguration;
			buildSettings = {
				ALWAYS_SEARCH_USER_PATHS = NO;
				CLANG_ANALYZER_NONNULL = YES;
				CLANG_ANALYZER_NUMBER_OBJECT_CONVERSION = YES_AGGRESSIVE;
				CLANG_CXX_LANGUAGE_STANDARD = "gnu++20";
				CLANG_ENABLE_MODULES = YES;
				CLANG_ENABLE_OBJC_ARC = YES;
				CLANG_ENABLE_OBJC_WEAK = YES;
				CLANG_WARN_BLOCK_CAPTURE_AUTORELEASING = YES;
				CLANG_WARN_BOOL_CONVERSION = YES;
				CLANG_WARN_COMMA = YES;
				CLANG_WARN_CONSTANT_CONVERSION = YES;
				CLANG_WARN_DEPRECATED_OBJC_IMPLEMENTATIONS = YES;
				CLANG_WARN_DIRECT_OBJC_ISA_USAGE = YES_ERROR;
				CLANG_WARN_DOCUMENTATION_COMMENTS = YES;
				CLANG_WARN_EMPTY_BODY = YES;
				CLANG_WARN_ENUM_CONVERSION = YES;
				CLANG_WARN_INFINITE_RECURSION = YES;
				CLANG_WARN_INT_CONVERSION = YES;
				CLANG_WARN_NON_LITERAL_NULL_CONVERSION = YES;
				CLANG_WARN_OBJC_IMPLICIT_RETAIN_SELF = YES;
				CLANG_WARN_OBJC_LITERAL_CONVERSION = YES;
				CLANG_WARN_OBJC_ROOT_CLASS = YES_ERROR;
				CLANG_WARN_QUOTED_INCLUDE_IN_FRAMEWORK_HEADER = YES;
				CLANG_WARN_RANGE_LOOP_ANALYSIS = YES;
				CLANG_WARN_STRICT_PROTOTYPES = YES;
				CLANG_WARN_SUSPICIOUS_MOVE = YES;
				CLANG_WARN_UNGUARDED_AVAILABILITY = YES_AGGRESSIVE;
				CLANG_WARN_UNREACHABLE_CODE = YES;
				CLANG_WARN__DUPLICATE_METHOD_MATCH = YES;
				COPY_PHASE_STRIP = NO;
				DEBUG_INFORMATION_FORMAT = dwarf;
				ENABLE_STRICT_OBJC_MSGSEND = YES;
				ENABLE_TESTABILITY = YES;
				GCC_C_LANGUAGE_STANDARD = gnu11;
				GCC_DYNAMIC_NO_PIC = NO;
				GCC_NO_COMMON_BLOCKS = YES;
				GCC_OPTIMIZATION_LEVEL = 0;
				GCC_PREPROCESSOR_DEFINITIONS = (
					"DEBUG=1",
					"$(inherited)",
				);
				GCC_WARN_64_TO_32_BIT_CONVERSION = YES;
				GCC_WARN_ABOUT_RETURN_TYPE = YES_ERROR;
				GCC_WARN_UNDECLARED_SELECTOR = YES;
				GCC_WARN_UNINITIALIZED_AUTOS = YES_AGGRESSIVE;
				GCC_WARN_UNUSED_FUNCTION = YES;
				GCC_WARN_UNUSED_VARIABLE = YES;
				IPHONEOS_DEPLOYMENT_TARGET = 16.2;
				MTL_ENABLE_DEBUG_INFO = INCLUDE_SOURCE;
				MTL_FAST_MATH = YES;
				ONLY_ACTIVE_ARCH = YES;
				SDKROOT = iphoneos;
				SWIFT_ACTIVE_COMPILATION_CONDITIONS = DEBUG;
				SWIFT_OPTIMIZATION_LEVEL = "-Onone";
			};
			name = Debug;
		};
		9A0451662D0EA4D30047DA96 /* Release */ = {
			isa = XCBuildConfiguration;
			buildSettings = {
				ALWAYS_SEARCH_USER_PATHS = NO;
				CLANG_ANALYZER_NONNULL = YES;
				CLANG_ANALYZER_NUMBER_OBJECT_CONVERSION = YES_AGGRESSIVE;
				CLANG_CXX_LANGUAGE_STANDARD = "gnu++20";
				CLANG_ENABLE_MODULES = YES;
				CLANG_ENABLE_OBJC_ARC = YES;
				CLANG_ENABLE_OBJC_WEAK = YES;
				CLANG_WARN_BLOCK_CAPTURE_AUTORELEASING = YES;
				CLANG_WARN_BOOL_CONVERSION = YES;
				CLANG_WARN_COMMA = YES;
				CLANG_WARN_CONSTANT_CONVERSION = YES;
				CLANG_WARN_DEPRECATED_OBJC_IMPLEMENTATIONS = YES;
				CLANG_WARN_DIRECT_OBJC_ISA_USAGE = YES_ERROR;
				CLANG_WARN_DOCUMENTATION_COMMENTS = YES;
				CLANG_WARN_EMPTY_BODY = YES;
				CLANG_WARN_ENUM_CONVERSION = YES;
				CLANG_WARN_INFINITE_RECURSION = YES;
				CLANG_WARN_INT_CONVERSION = YES;
				CLANG_WARN_NON_LITERAL_NULL_CONVERSION = YES;
				CLANG_WARN_OBJC_IMPLICIT_RETAIN_SELF = YES;
				CLANG_WARN_OBJC_LITERAL_CONVERSION = YES;
				CLANG_WARN_OBJC_ROOT_CLASS = YES_ERROR;
				CLANG_WARN_QUOTED_INCLUDE_IN_FRAMEWORK_HEADER = YES;
				CLANG_WARN_RANGE_LOOP_ANALYSIS = YES;
				CLANG_WARN_STRICT_PROTOTYPES = YES;
				CLANG_WARN_SUSPICIOUS_MOVE = YES;
				CLANG_WARN_UNGUARDED_AVAILABILITY = YES_AGGRESSIVE;
				CLANG_WARN_UNREACHABLE_CODE = YES;
				CLANG_WARN__DUPLICATE_METHOD_MATCH = YES;
				COPY_PHASE_STRIP = NO;
				DEBUG_INFORMATION_FORMAT = "dwarf-with-dsym";
				ENABLE_NS_ASSERTIONS = NO;
				ENABLE_STRICT_OBJC_MSGSEND = YES;
				GCC_C_LANGUAGE_STANDARD = gnu11;
				GCC_NO_COMMON_BLOCKS = YES;
				GCC_WARN_64_TO_32_BIT_CONVERSION = YES;
				GCC_WARN_ABOUT_RETURN_TYPE = YES_ERROR;
				GCC_WARN_UNDECLARED_SELECTOR = YES;
				GCC_WARN_UNINITIALIZED_AUTOS = YES_AGGRESSIVE;
				GCC_WARN_UNUSED_FUNCTION = YES;
				GCC_WARN_UNUSED_VARIABLE = YES;
				IPHONEOS_DEPLOYMENT_TARGET = 16.2;
				MTL_ENABLE_DEBUG_INFO = NO;
				MTL_FAST_MATH = YES;
				SDKROOT = iphoneos;
				SWIFT_COMPILATION_MODE = wholemodule;
				SWIFT_OPTIMIZATION_LEVEL = "-O";
				VALIDATE_PRODUCT = YES;
			};
			name = Release;
		};
		9A0451682D0EA4D30047DA96 /* Debug */ = {
			isa = XCBuildConfiguration;
			buildSettings = {
				ASSETCATALOG_COMPILER_APPICON_NAME = AppIcon;
				ASSETCATALOG_COMPILER_GLOBAL_ACCENT_COLOR_NAME = AccentColor;
				CODE_SIGN_STYLE = Automatic;
				CURRENT_PROJECT_VERSION = 1;
				GENERATE_INFOPLIST_FILE = YES;
				INFOPLIST_FILE = Local_Notification/Info.plist;
				INFOPLIST_KEY_UIApplicationSupportsIndirectInputEvents = YES;
				INFOPLIST_KEY_UILaunchStoryboardName = LaunchScreen;
				INFOPLIST_KEY_UIMainStoryboardFile = Main;
				INFOPLIST_KEY_UISupportedInterfaceOrientations_iPad = "UIInterfaceOrientationPortrait UIInterfaceOrientationPortraitUpsideDown UIInterfaceOrientationLandscapeLeft UIInterfaceOrientationLandscapeRight";
				INFOPLIST_KEY_UISupportedInterfaceOrientations_iPhone = "UIInterfaceOrientationPortrait UIInterfaceOrientationLandscapeLeft UIInterfaceOrientationLandscapeRight";
				LD_RUNPATH_SEARCH_PATHS = (
					"$(inherited)",
					"@executable_path/Frameworks",
				);
				MARKETING_VERSION = 1.0;
				PRODUCT_BUNDLE_IDENTIFIER = "com.kj.Local-Notification";
				PRODUCT_NAME = "$(TARGET_NAME)";
				SWIFT_EMIT_LOC_STRINGS = YES;
				SWIFT_VERSION = 5.0;
				TARGETED_DEVICE_FAMILY = "1,2";
			};
			name = Debug;
		};
		9A0451692D0EA4D30047DA96 /* Release */ = {
			isa = XCBuildConfiguration;
			buildSettings = {
				ASSETCATALOG_COMPILER_APPICON_NAME = AppIcon;
				ASSETCATALOG_COMPILER_GLOBAL_ACCENT_COLOR_NAME = AccentColor;
				CODE_SIGN_STYLE = Automatic;
				CURRENT_PROJECT_VERSION = 1;
				GENERATE_INFOPLIST_FILE = YES;
				INFOPLIST_FILE = Local_Notification/Info.plist;
				INFOPLIST_KEY_UIApplicationSupportsIndirectInputEvents = YES;
				INFOPLIST_KEY_UILaunchStoryboardName = LaunchScreen;
				INFOPLIST_KEY_UIMainStoryboardFile = Main;
				INFOPLIST_KEY_UISupportedInterfaceOrientations_iPad = "UIInterfaceOrientationPortrait UIInterfaceOrientationPortraitUpsideDown UIInterfaceOrientationLandscapeLeft UIInterfaceOrientationLandscapeRight";
				INFOPLIST_KEY_UISupportedInterfaceOrientations_iPhone = "UIInterfaceOrientationPortrait UIInterfaceOrientationLandscapeLeft UIInterfaceOrientationLandscapeRight";
				LD_RUNPATH_SEARCH_PATHS = (
					"$(inherited)",
					"@executable_path/Frameworks",
				);
				MARKETING_VERSION = 1.0;
				PRODUCT_BUNDLE_IDENTIFIER = "com.kj.Local-Notification";
				PRODUCT_NAME = "$(TARGET_NAME)";
				SWIFT_EMIT_LOC_STRINGS = YES;
				SWIFT_VERSION = 5.0;
				TARGETED_DEVICE_FAMILY = "1,2";
			};
			name = Release;
		};
		9A04516B2D0EA4D30047DA96 /* Debug */ = {
			isa = XCBuildConfiguration;
			buildSettings = {
				ALWAYS_EMBED_SWIFT_STANDARD_LIBRARIES = YES;
				BUNDLE_LOADER = "$(TEST_HOST)";
				CODE_SIGN_STYLE = Automatic;
				CURRENT_PROJECT_VERSION = 1;
				GENERATE_INFOPLIST_FILE = YES;
				IPHONEOS_DEPLOYMENT_TARGET = 16.2;
				MARKETING_VERSION = 1.0;
				PRODUCT_BUNDLE_IDENTIFIER = "com.kj.Local-NotificationTests";
				PRODUCT_NAME = "$(TARGET_NAME)";
				SWIFT_EMIT_LOC_STRINGS = NO;
				SWIFT_VERSION = 5.0;
				TARGETED_DEVICE_FAMILY = "1,2";
				TEST_HOST = "$(BUILT_PRODUCTS_DIR)/Local_Notification.app/$(BUNDLE_EXECUTABLE_FOLDER_PATH)/Local_Notification";
			};
			name = Debug;
		};
		9A04516C2D0EA4D30047DA96 /* Release */ = {
			isa = XCBuildConfiguration;
			buildSettings = {
				ALWAYS_EMBED_SWIFT_STANDARD_LIBRARIES = YES;
				BUNDLE_LOADER = "$(TEST_HOST)";
				CODE_SIGN_STYLE = Automatic;
				CURRENT_PROJECT_VERSION = 1;
				GENERATE_INFOPLIST_FILE = YES;
				IPHONEOS_DEPLOYMENT_TARGET = 16.2;
				MARKETING_VERSION = 1.0;
				PRODUCT_BUNDLE_IDENTIFIER = "com.kj.Local-NotificationTests";
				PRODUCT_NAME = "$(TARGET_NAME)";
				SWIFT_EMIT_LOC_STRINGS = NO;
				SWIFT_VERSION = 5.0;
				TARGETED_DEVICE_FAMILY = "1,2";
				TEST_HOST = "$(BUILT_PRODUCTS_DIR)/Local_Notification.app/$(BUNDLE_EXECUTABLE_FOLDER_PATH)/Local_Notification";
			};
			name = Release;
		};
		9A04516E2D0EA4D30047DA96 /* Debug */ = {
			isa = XCBuildConfiguration;
			buildSettings = {
				ALWAYS_EMBED_SWIFT_STANDARD_LIBRARIES = YES;
				CODE_SIGN_STYLE = Automatic;
				CURRENT_PROJECT_VERSION = 1;
				GENERATE_INFOPLIST_FILE = YES;
				MARKETING_VERSION = 1.0;
				PRODUCT_BUNDLE_IDENTIFIER = "com.kj.Local-NotificationUITests";
				PRODUCT_NAME = "$(TARGET_NAME)";
				SWIFT_EMIT_LOC_STRINGS = NO;
				SWIFT_VERSION = 5.0;
				TARGETED_DEVICE_FAMILY = "1,2";
				TEST_TARGET_NAME = Local_Notification;
			};
			name = Debug;
		};
		9A04516F2D0EA4D30047DA96 /* Release */ = {
			isa = XCBuildConfiguration;
			buildSettings = {
				ALWAYS_EMBED_SWIFT_STANDARD_LIBRARIES = YES;
				CODE_SIGN_STYLE = Automatic;
				CURRENT_PROJECT_VERSION = 1;
				GENERATE_INFOPLIST_FILE = YES;
				MARKETING_VERSION = 1.0;
				PRODUCT_BUNDLE_IDENTIFIER = "com.kj.Local-NotificationUITests";
				PRODUCT_NAME = "$(TARGET_NAME)";
				SWIFT_EMIT_LOC_STRINGS = NO;
				SWIFT_VERSION = 5.0;
				TARGETED_DEVICE_FAMILY = "1,2";
				TEST_TARGET_NAME = Local_Notification;
			};
			name = Release;
		};
/* End XCBuildConfiguration section */

/* Begin XCConfigurationList section */
		9A0451352D0EA4D00047DA96 /* Build configuration list for PBXProject "Local_Notification" */ = {
			isa = XCConfigurationList;
			buildConfigurations = (
				9A0451652D0EA4D30047DA96 /* Debug */,
				9A0451662D0EA4D30047DA96 /* Release */,
			);
			defaultConfigurationIsVisible = 0;
			defaultConfigurationName = Release;
		};
		9A0451672D0EA4D30047DA96 /* Build configuration list for PBXNativeTarget "Local_Notification" */ = {
			isa = XCConfigurationList;
			buildConfigurations = (
				9A0451682D0EA4D30047DA96 /* Debug */,
				9A0451692D0EA4D30047DA96 /* Release */,
			);
			defaultConfigurationIsVisible = 0;
			defaultConfigurationName = Release;
		};
		9A04516A2D0EA4D30047DA96 /* Build configuration list for PBXNativeTarget "Local_NotificationTests" */ = {
			isa = XCConfigurationList;
			buildConfigurations = (
				9A04516B2D0EA4D30047DA96 /* Debug */,
				9A04516C2D0EA4D30047DA96 /* Release */,
			);
			defaultConfigurationIsVisible = 0;
			defaultConfigurationName = Release;
		};
		9A04516D2D0EA4D30047DA96 /* Build configuration list for PBXNativeTarget "Local_NotificationUITests" */ = {
			isa = XCConfigurationList;
			buildConfigurations = (
				9A04516E2D0EA4D30047DA96 /* Debug */,
				9A04516F2D0EA4D30047DA96 /* Release */,
			);
			defaultConfigurationIsVisible = 0;
			defaultConfigurationName = Release;
		};
/* End XCConfigurationList section */

/* Begin XCVersionGroup section */
		9A0451462D0EA4D00047DA96 /* Local_Notification.xcdatamodeld */ = {
			isa = XCVersionGroup;
			children = (
				9A0451472D0EA4D00047DA96 /* Local_Notification.xcdatamodel */,
			);
			currentVersion = 9A0451472D0EA4D00047DA96 /* Local_Notification.xcdatamodel */;
			path = Local_Notification.xcdatamodeld;
			sourceTree = "<group>";
			versionGroupType = wrapper.xcdatamodel;
		};
/* End XCVersionGroup section */
	};
	rootObject = 9A0451322D0EA4D00047DA96 /* Project object */;
}
